// !$*UTF8*$!
{
	archiveVersion = 1;
	classes = {
	};
	objectVersion = 55;
	objects = {

/* Begin PBXBuildFile section */
		862A42C22720775500F28D98 /* LaunchScreen.storyboard in Resources */ = {isa = PBXBuildFile; fileRef = 862A42BE2720775500F28D98 /* LaunchScreen.storyboard */; };
		862A42C32720775500F28D98 /* Main.storyboard in Resources */ = {isa = PBXBuildFile; fileRef = 862A42C02720775500F28D98 /* Main.storyboard */; };
		862A42CE2720776400F28D98 /* MenuItemDetailViewController.swift in Sources */ = {isa = PBXBuildFile; fileRef = 862A42C42720776400F28D98 /* MenuItemDetailViewController.swift */; };
		862A42CF2720776400F28D98 /* MenuTableViewController.swift in Sources */ = {isa = PBXBuildFile; fileRef = 862A42C52720776400F28D98 /* MenuTableViewController.swift */; };
		862A42D02720776400F28D98 /* Order.swift in Sources */ = {isa = PBXBuildFile; fileRef = 862A42C62720776400F28D98 /* Order.swift */; };
		862A42D12720776400F28D98 /* MenuController.swift in Sources */ = {isa = PBXBuildFile; fileRef = 862A42C72720776400F28D98 /* MenuController.swift */; };
		862A42D22720776400F28D98 /* CategoryTableViewController.swift in Sources */ = {isa = PBXBuildFile; fileRef = 862A42C82720776400F28D98 /* CategoryTableViewController.swift */; };
		862A42D32720776400F28D98 /* OrderConfirmationViewController.swift in Sources */ = {isa = PBXBuildFile; fileRef = 862A42C92720776400F28D98 /* OrderConfirmationViewController.swift */; };
		862A42D42720776400F28D98 /* MenuItem.swift in Sources */ = {isa = PBXBuildFile; fileRef = 862A42CA2720776400F28D98 /* MenuItem.swift */; };
		862A42D52720776400F28D98 /* OrderTableViewController.swift in Sources */ = {isa = PBXBuildFile; fileRef = 862A42CB2720776400F28D98 /* OrderTableViewController.swift */; };
		862A42D62720776400F28D98 /* ResponseModels.swift in Sources */ = {isa = PBXBuildFile; fileRef = 862A42CC2720776400F28D98 /* ResponseModels.swift */; };
		862A42D72720776400F28D98 /* Restoration.swift in Sources */ = {isa = PBXBuildFile; fileRef = 862A42CD2720776400F28D98 /* Restoration.swift */; };
		86EBF72D2720668200C23DA0 /* AppDelegate.swift in Sources */ = {isa = PBXBuildFile; fileRef = 86EBF72C2720668200C23DA0 /* AppDelegate.swift */; };
		86EBF72F2720668200C23DA0 /* SceneDelegate.swift in Sources */ = {isa = PBXBuildFile; fileRef = 86EBF72E2720668200C23DA0 /* SceneDelegate.swift */; };
		86EBF7362720668300C23DA0 /* Assets.xcassets in Resources */ = {isa = PBXBuildFile; fileRef = 86EBF7352720668300C23DA0 /* Assets.xcassets */; };
/* End PBXBuildFile section */

/* Begin PBXFileReference section */
		862A42BF2720775500F28D98 /* Base */ = {isa = PBXFileReference; lastKnownFileType = file.storyboard; name = Base; path = Base.lproj/LaunchScreen.storyboard; sourceTree = "<group>"; };
		862A42C12720775500F28D98 /* Base */ = {isa = PBXFileReference; lastKnownFileType = file.storyboard; name = Base; path = Base.lproj/Main.storyboard; sourceTree = "<group>"; };
		862A42C42720776400F28D98 /* MenuItemDetailViewController.swift */ = {isa = PBXFileReference; fileEncoding = 4; lastKnownFileType = sourcecode.swift; path = MenuItemDetailViewController.swift; sourceTree = "<group>"; };
		862A42C52720776400F28D98 /* MenuTableViewController.swift */ = {isa = PBXFileReference; fileEncoding = 4; lastKnownFileType = sourcecode.swift; path = MenuTableViewController.swift; sourceTree = "<group>"; };
		862A42C62720776400F28D98 /* Order.swift */ = {isa = PBXFileReference; fileEncoding = 4; lastKnownFileType = sourcecode.swift; path = Order.swift; sourceTree = "<group>"; };
		862A42C72720776400F28D98 /* MenuController.swift */ = {isa = PBXFileReference; fileEncoding = 4; lastKnownFileType = sourcecode.swift; path = MenuController.swift; sourceTree = "<group>"; };
		862A42C82720776400F28D98 /* CategoryTableViewController.swift */ = {isa = PBXFileReference; fileEncoding = 4; lastKnownFileType = sourcecode.swift; path = CategoryTableViewController.swift; sourceTree = "<group>"; };
		862A42C92720776400F28D98 /* OrderConfirmationViewController.swift */ = {isa = PBXFileReference; fileEncoding = 4; lastKnownFileType = sourcecode.swift; path = OrderConfirmationViewController.swift; sourceTree = "<group>"; };
		862A42CA2720776400F28D98 /* MenuItem.swift */ = {isa = PBXFileReference; fileEncoding = 4; lastKnownFileType = sourcecode.swift; path = MenuItem.swift; sourceTree = "<group>"; };
		862A42CB2720776400F28D98 /* OrderTableViewController.swift */ = {isa = PBXFileReference; fileEncoding = 4; lastKnownFileType = sourcecode.swift; path = OrderTableViewController.swift; sourceTree = "<group>"; };
		862A42CC2720776400F28D98 /* ResponseModels.swift */ = {isa = PBXFileReference; fileEncoding = 4; lastKnownFileType = sourcecode.swift; path = ResponseModels.swift; sourceTree = "<group>"; };
		862A42CD2720776400F28D98 /* Restoration.swift */ = {isa = PBXFileReference; fileEncoding = 4; lastKnownFileType = sourcecode.swift; path = Restoration.swift; sourceTree = "<group>"; };
		86EBF7292720668200C23DA0 /* OrderApp.app */ = {isa = PBXFileReference; explicitFileType = wrapper.application; includeInIndex = 0; path = OrderApp.app; sourceTree = BUILT_PRODUCTS_DIR; };
		86EBF72C2720668200C23DA0 /* AppDelegate.swift */ = {isa = PBXFileReference; lastKnownFileType = sourcecode.swift; path = AppDelegate.swift; sourceTree = "<group>"; };
		86EBF72E2720668200C23DA0 /* SceneDelegate.swift */ = {isa = PBXFileReference; lastKnownFileType = sourcecode.swift; path = SceneDelegate.swift; sourceTree = "<group>"; };
		86EBF7352720668300C23DA0 /* Assets.xcassets */ = {isa = PBXFileReference; lastKnownFileType = folder.assetcatalog; path = Assets.xcassets; sourceTree = "<group>"; };
		86EBF73A2720668300C23DA0 /* Info.plist */ = {isa = PBXFileReference; lastKnownFileType = text.plist.xml; path = Info.plist; sourceTree = "<group>"; };
/* End PBXFileReference section */

/* Begin PBXFrameworksBuildPhase section */
		86EBF7262720668200C23DA0 /* Frameworks */ = {
			isa = PBXFrameworksBuildPhase;
			buildActionMask = 2147483647;
			files = (
			);
			runOnlyForDeploymentPostprocessing = 0;
		};
/* End PBXFrameworksBuildPhase section */

/* Begin PBXGroup section */
		862A42D82720791400F28D98 /* Controller */ = {
			isa = PBXGroup;
			children = (
				862A42C82720776400F28D98 /* CategoryTableViewController.swift */,
				862A42C72720776400F28D98 /* MenuController.swift */,
				862A42C42720776400F28D98 /* MenuItemDetailViewController.swift */,
				862A42C52720776400F28D98 /* MenuTableViewController.swift */,
				862A42C92720776400F28D98 /* OrderConfirmationViewController.swift */,
				862A42CB2720776400F28D98 /* OrderTableViewController.swift */,
			);
			path = Controller;
			sourceTree = "<group>";
		};
		862A42D92720791F00F28D98 /* View */ = {
			isa = PBXGroup;
			children = (
				862A42BE2720775500F28D98 /* LaunchScreen.storyboard */,
				862A42C02720775500F28D98 /* Main.storyboard */,
			);
			path = View;
			sourceTree = "<group>";
		};
		862A42DA2720792800F28D98 /* Model */ = {
			isa = PBXGroup;
			children = (
				862A42CA2720776400F28D98 /* MenuItem.swift */,
				862A42C62720776400F28D98 /* Order.swift */,
				862A42CC2720776400F28D98 /* ResponseModels.swift */,
				862A42CD2720776400F28D98 /* Restoration.swift */,
			);
			path = Model;
			sourceTree = "<group>";
		};
		86EBF7202720668200C23DA0 = {
			isa = PBXGroup;
			children = (
				86EBF72B2720668200C23DA0 /* OrderApp */,
				86EBF72A2720668200C23DA0 /* Products */,
			);
			sourceTree = "<group>";
		};
		86EBF72A2720668200C23DA0 /* Products */ = {
			isa = PBXGroup;
			children = (
				86EBF7292720668200C23DA0 /* OrderApp.app */,
			);
			name = Products;
			sourceTree = "<group>";
		};
		86EBF72B2720668200C23DA0 /* OrderApp */ = {
			isa = PBXGroup;
			children = (
				86EBF72C2720668200C23DA0 /* AppDelegate.swift */,
				86EBF72E2720668200C23DA0 /* SceneDelegate.swift */,
				86EBF7352720668300C23DA0 /* Assets.xcassets */,
				86EBF73A2720668300C23DA0 /* Info.plist */,
				862A42DA2720792800F28D98 /* Model */,
				862A42D92720791F00F28D98 /* View */,
				862A42D82720791400F28D98 /* Controller */,
			);
			path = OrderApp;
			sourceTree = "<group>";
		};
/* End PBXGroup section */

/* Begin PBXNativeTarget section */
		86EBF7282720668200C23DA0 /* OrderApp */ = {
			isa = PBXNativeTarget;
			buildConfigurationList = 86EBF73D2720668300C23DA0 /* Build configuration list for PBXNativeTarget "OrderApp" */;
			buildPhases = (
				86EBF7252720668200C23DA0 /* Sources */,
				86EBF7262720668200C23DA0 /* Frameworks */,
				86EBF7272720668200C23DA0 /* Resources */,
			);
			buildRules = (
			);
			dependencies = (
			);
			name = OrderApp;
			productName = OrderApp;
			productReference = 86EBF7292720668200C23DA0 /* OrderApp.app */;
			productType = "com.apple.product-type.application";
		};
/* End PBXNativeTarget section */

/* Begin PBXProject section */
		86EBF7212720668200C23DA0 /* Project object */ = {
			isa = PBXProject;
			attributes = {
				BuildIndependentTargetsInParallel = 1;
				LastSwiftUpdateCheck = 1310;
				LastUpgradeCheck = 1310;
				TargetAttributes = {
					86EBF7282720668200C23DA0 = {
						CreatedOnToolsVersion = 13.1;
					};
				};
			};
			buildConfigurationList = 86EBF7242720668200C23DA0 /* Build configuration list for PBXProject "OrderApp" */;
			compatibilityVersion = "Xcode 13.0";
			developmentRegion = en;
			hasScannedForEncodings = 0;
			knownRegions = (
				en,
				Base,
			);
			mainGroup = 86EBF7202720668200C23DA0;
			productRefGroup = 86EBF72A2720668200C23DA0 /* Products */;
			projectDirPath = "";
			projectRoot = "";
			targets = (
				86EBF7282720668200C23DA0 /* OrderApp */,
			);
		};
/* End PBXProject section */

/* Begin PBXResourcesBuildPhase section */
		86EBF7272720668200C23DA0 /* Resources */ = {
			isa = PBXResourcesBuildPhase;
			buildActionMask = 2147483647;
			files = (
				862A42C32720775500F28D98 /* Main.storyboard in Resources */,
				86EBF7362720668300C23DA0 /* Assets.xcassets in Resources */,
				862A42C22720775500F28D98 /* LaunchScreen.storyboard in Resources */,
			);
			runOnlyForDeploymentPostprocessing = 0;
		};
/* End PBXResourcesBuildPhase section */

/* Begin PBXSourcesBuildPhase section */
		86EBF7252720668200C23DA0 /* Sources */ = {
			isa = PBXSourcesBuildPhase;
			buildActionMask = 2147483647;
			files = (
				862A42D62720776400F28D98 /* ResponseModels.swift in Sources */,
				862A42D22720776400F28D98 /* CategoryTableViewController.swift in Sources */,
				862A42D72720776400F28D98 /* Restoration.swift in Sources */,
				862A42CF2720776400F28D98 /* MenuTableViewController.swift in Sources */,
				86EBF72D2720668200C23DA0 /* AppDelegate.swift in Sources */,
				862A42D02720776400F28D98 /* Order.swift in Sources */,
				862A42D32720776400F28D98 /* OrderConfirmationViewController.swift in Sources */,
				862A42CE2720776400F28D98 /* MenuItemDetailViewController.swift in Sources */,
				862A42D52720776400F28D98 /* OrderTableViewController.swift in Sources */,
				862A42D42720776400F28D98 /* MenuItem.swift in Sources */,
				862A42D12720776400F28D98 /* MenuController.swift in Sources */,
				86EBF72F2720668200C23DA0 /* SceneDelegate.swift in Sources */,
			);
			runOnlyForDeploymentPostprocessing = 0;
		};
/* End PBXSourcesBuildPhase section */

/* Begin PBXVariantGroup section */
		862A42BE2720775500F28D98 /* LaunchScreen.storyboard */ = {
			isa = PBXVariantGroup;
			children = (
				862A42BF2720775500F28D98 /* Base */,
			);
			name = LaunchScreen.storyboard;
			sourceTree = "<group>";
		};
		862A42C02720775500F28D98 /* Main.storyboard */ = {
			isa = PBXVariantGroup;
			children = (
				862A42C12720775500F28D98 /* Base */,
			);
			name = Main.storyboard;
			sourceTree = "<group>";
		};
/* End PBXVariantGroup section */

/* Begin XCBuildConfiguration section */
		86EBF73B2720668300C23DA0 /* Debug */ = {
			isa = XCBuildConfiguration;
			buildSettings = {
				ALWAYS_SEARCH_USER_PATHS = NO;
				CLANG_ANALYZER_NONNULL = YES;
				CLANG_ANALYZER_NUMBER_OBJECT_CONVERSION = YES_AGGRESSIVE;
				CLANG_CXX_LANGUAGE_STANDARD = "gnu++17";
				CLANG_CXX_LIBRARY = "libc++";
				CLANG_ENABLE_MODULES = YES;
				CLANG_ENABLE_OBJC_ARC = YES;
				CLANG_ENABLE_OBJC_WEAK = YES;
				CLANG_WARN_BLOCK_CAPTURE_AUTORELEASING = YES;
				CLANG_WARN_BOOL_CONVERSION = YES;
				CLANG_WARN_COMMA = YES;
				CLANG_WARN_CONSTANT_CONVERSION = YES;
				CLANG_WARN_DEPRECATED_OBJC_IMPLEMENTATIONS = YES;
				CLANG_WARN_DIRECT_OBJC_ISA_USAGE = YES_ERROR;
				CLANG_WARN_DOCUMENTATION_COMMENTS = YES;
				CLANG_WARN_EMPTY_BODY = YES;
				CLANG_WARN_ENUM_CONVERSION = YES;
				CLANG_WARN_INFINITE_RECURSION = YES;
				CLANG_WARN_INT_CONVERSION = YES;
				CLANG_WARN_NON_LITERAL_NULL_CONVERSION = YES;
				CLANG_WARN_OBJC_IMPLICIT_RETAIN_SELF = YES;
				CLANG_WARN_OBJC_LITERAL_CONVERSION = YES;
				CLANG_WARN_OBJC_ROOT_CLASS = YES_ERROR;
				CLANG_WARN_QUOTED_INCLUDE_IN_FRAMEWORK_HEADER = YES;
				CLANG_WARN_RANGE_LOOP_ANALYSIS = YES;
				CLANG_WARN_STRICT_PROTOTYPES = YES;
				CLANG_WARN_SUSPICIOUS_MOVE = YES;
				CLANG_WARN_UNGUARDED_AVAILABILITY = YES_AGGRESSIVE;
				CLANG_WARN_UNREACHABLE_CODE = YES;
				CLANG_WARN__DUPLICATE_METHOD_MATCH = YES;
				COPY_PHASE_STRIP = NO;
				DEBUG_INFORMATION_FORMAT = dwarf;
				ENABLE_STRICT_OBJC_MSGSEND = YES;
				ENABLE_TESTABILITY = YES;
				GCC_C_LANGUAGE_STANDARD = gnu11;
				GCC_DYNAMIC_NO_PIC = NO;
				GCC_NO_COMMON_BLOCKS = YES;
				GCC_OPTIMIZATION_LEVEL = 0;
				GCC_PREPROCESSOR_DEFINITIONS = (
					"DEBUG=1",
					"$(inherited)",
				);
				GCC_WARN_64_TO_32_BIT_CONVERSION = YES;
				GCC_WARN_ABOUT_RETURN_TYPE = YES_ERROR;
				GCC_WARN_UNDECLARED_SELECTOR = YES;
				GCC_WARN_UNINITIALIZED_AUTOS = YES_AGGRESSIVE;
				GCC_WARN_UNUSED_FUNCTION = YES;
				GCC_WARN_UNUSED_VARIABLE = YES;
				IPHONEOS_DEPLOYMENT_TARGET = 15.0;
				MTL_ENABLE_DEBUG_INFO = INCLUDE_SOURCE;
				MTL_FAST_MATH = YES;
				ONLY_ACTIVE_ARCH = YES;
				SDKROOT = iphoneos;
				SWIFT_ACTIVE_COMPILATION_CONDITIONS = DEBUG;
				SWIFT_OPTIMIZATION_LEVEL = "-Onone";
			};
			name = Debug;
		};
		86EBF73C2720668300C23DA0 /* Release */ = {
			isa = XCBuildConfiguration;
			buildSettings = {
				ALWAYS_SEARCH_USER_PATHS = NO;
				CLANG_ANALYZER_NONNULL = YES;
				CLANG_ANALYZER_NUMBER_OBJECT_CONVERSION = YES_AGGRESSIVE;
				CLANG_CXX_LANGUAGE_STANDARD = "gnu++17";
				CLANG_CXX_LIBRARY = "libc++";
				CLANG_ENABLE_MODULES = YES;
				CLANG_ENABLE_OBJC_ARC = YES;
				CLANG_ENABLE_OBJC_WEAK = YES;
				CLANG_WARN_BLOCK_CAPTURE_AUTORELEASING = YES;
				CLANG_WARN_BOOL_CONVERSION = YES;
				CLANG_WARN_COMMA = YES;
				CLANG_WARN_CONSTANT_CONVERSION = YES;
				CLANG_WARN_DEPRECATED_OBJC_IMPLEMENTATIONS = YES;
				CLANG_WARN_DIRECT_OBJC_ISA_USAGE = YES_ERROR;
				CLANG_WARN_DOCUMENTATION_COMMENTS = YES;
				CLANG_WARN_EMPTY_BODY = YES;
				CLANG_WARN_ENUM_CONVERSION = YES;
				CLANG_WARN_INFINITE_RECURSION = YES;
				CLANG_WARN_INT_CONVERSION = YES;
				CLANG_WARN_NON_LITERAL_NULL_CONVERSION = YES;
				CLANG_WARN_OBJC_IMPLICIT_RETAIN_SELF = YES;
				CLANG_WARN_OBJC_LITERAL_CONVERSION = YES;
				CLANG_WARN_OBJC_ROOT_CLASS = YES_ERROR;
				CLANG_WARN_QUOTED_INCLUDE_IN_FRAMEWORK_HEADER = YES;
				CLANG_WARN_RANGE_LOOP_ANALYSIS = YES;
				CLANG_WARN_STRICT_PROTOTYPES = YES;
				CLANG_WARN_SUSPICIOUS_MOVE = YES;
				CLANG_WARN_UNGUARDED_AVAILABILITY = YES_AGGRESSIVE;
				CLANG_WARN_UNREACHABLE_CODE = YES;
				CLANG_WARN__DUPLICATE_METHOD_MATCH = YES;
				COPY_PHASE_STRIP = NO;
				DEBUG_INFORMATION_FORMAT = "dwarf-with-dsym";
				ENABLE_NS_ASSERTIONS = NO;
				ENABLE_STRICT_OBJC_MSGSEND = YES;
				GCC_C_LANGUAGE_STANDARD = gnu11;
				GCC_NO_COMMON_BLOCKS = YES;
				GCC_WARN_64_TO_32_BIT_CONVERSION = YES;
				GCC_WARN_ABOUT_RETURN_TYPE = YES_ERROR;
				GCC_WARN_UNDECLARED_SELECTOR = YES;
				GCC_WARN_UNINITIALIZED_AUTOS = YES_AGGRESSIVE;
				GCC_WARN_UNUSED_FUNCTION = YES;
				GCC_WARN_UNUSED_VARIABLE = YES;
				IPHONEOS_DEPLOYMENT_TARGET = 15.0;
				MTL_ENABLE_DEBUG_INFO = NO;
				MTL_FAST_MATH = YES;
				SDKROOT = iphoneos;
				SWIFT_COMPILATION_MODE = wholemodule;
				SWIFT_OPTIMIZATION_LEVEL = "-O";
				VALIDATE_PRODUCT = YES;
			};
			name = Release;
		};
		86EBF73E2720668300C23DA0 /* Debug */ = {
			isa = XCBuildConfiguration;
			buildSettings = {
				ASSETCATALOG_COMPILER_APPICON_NAME = AppIcon;
				ASSETCATALOG_COMPILER_GLOBAL_ACCENT_COLOR_NAME = AccentColor;
				CODE_SIGN_STYLE = Automatic;
				CURRENT_PROJECT_VERSION = 1;
				DEVELOPMENT_TEAM = VAPH6Z28G5;
				GENERATE_INFOPLIST_FILE = YES;
				INFOPLIST_FILE = OrderApp/Info.plist;
				INFOPLIST_KEY_UIApplicationSupportsIndirectInputEvents = YES;
				INFOPLIST_KEY_UILaunchStoryboardName = LaunchScreen;
				INFOPLIST_KEY_UIMainStoryboardFile = Main;
				INFOPLIST_KEY_UISupportedInterfaceOrientations_iPad = "UIInterfaceOrientationPortrait UIInterfaceOrientationPortraitUpsideDown UIInterfaceOrientationLandscapeLeft UIInterfaceOrientationLandscapeRight";
				INFOPLIST_KEY_UISupportedInterfaceOrientations_iPhone = "UIInterfaceOrientationPortrait UIInterfaceOrientationLandscapeLeft UIInterfaceOrientationLandscapeRight";
				LD_RUNPATH_SEARCH_PATHS = (
					"$(inherited)",
					"@executable_path/Frameworks",
				);
				MARKETING_VERSION = 1.0;
				PRODUCT_BUNDLE_IDENTIFIER = com.example.OrderAppJD;
				PRODUCT_NAME = "$(TARGET_NAME)";
				SWIFT_EMIT_LOC_STRINGS = YES;
				SWIFT_VERSION = 5.0;
				TARGETED_DEVICE_FAMILY = "1,2";
			};
			name = Debug;
		};
		86EBF73F2720668300C23DA0 /* Release */ = {
			isa = XCBuildConfiguration;
			buildSettings = {
				ASSETCATALOG_COMPILER_APPICON_NAME = AppIcon;
				ASSETCATALOG_COMPILER_GLOBAL_ACCENT_COLOR_NAME = AccentColor;
				CODE_SIGN_STYLE = Automatic;
				CURRENT_PROJECT_VERSION = 1;
				DEVELOPMENT_TEAM = VAPH6Z28G5;
				GENERATE_INFOPLIST_FILE = YES;
				INFOPLIST_FILE = OrderApp/Info.plist;
				INFOPLIST_KEY_UIApplicationSupportsIndirectInputEvents = YES;
				INFOPLIST_KEY_UILaunchStoryboardName = LaunchScreen;
				INFOPLIST_KEY_UIMainStoryboardFile = Main;
				INFOPLIST_KEY_UISupportedInterfaceOrientations_iPad = "UIInterfaceOrientationPortrait UIInterfaceOrientationPortraitUpsideDown UIInterfaceOrientationLandscapeLeft UIInterfaceOrientationLandscapeRight";
				INFOPLIST_KEY_UISupportedInterfaceOrientations_iPhone = "UIInterfaceOrientationPortrait UIInterfaceOrientationLandscapeLeft UIInterfaceOrientationLandscapeRight";
				LD_RUNPATH_SEARCH_PATHS = (
					"$(inherited)",
					"@executable_path/Frameworks",
				);
				MARKETING_VERSION = 1.0;
				PRODUCT_BUNDLE_IDENTIFIER = com.example.OrderAppJD;
				PRODUCT_NAME = "$(TARGET_NAME)";
				SWIFT_EMIT_LOC_STRINGS = YES;
				SWIFT_VERSION = 5.0;
				TARGETED_DEVICE_FAMILY = "1,2";
			};
			name = Release;
		};
/* End XCBuildConfiguration section */

/* Begin XCConfigurationList section */
		86EBF7242720668200C23DA0 /* Build configuration list for PBXProject "OrderApp" */ = {
			isa = XCConfigurationList;
			buildConfigurations = (
				86EBF73B2720668300C23DA0 /* Debug */,
				86EBF73C2720668300C23DA0 /* Release */,
			);
			defaultConfigurationIsVisible = 0;
			defaultConfigurationName = Release;
		};
		86EBF73D2720668300C23DA0 /* Build configuration list for PBXNativeTarget "OrderApp" */ = {
			isa = XCConfigurationList;
			buildConfigurations = (
				86EBF73E2720668300C23DA0 /* Debug */,
				86EBF73F2720668300C23DA0 /* Release */,
			);
			defaultConfigurationIsVisible = 0;
			defaultConfigurationName = Release;
		};
/* End XCConfigurationList section */
	};
	rootObject = 86EBF7212720668200C23DA0 /* Project object */;
}
